
Microsoft Visual Studio Solution File, Format Version 12.00
# Visual Studio Version 17
VisualStudioVersion = 17.0.32112.339
MinimumVisualStudioVersion = 10.0.40219.1
Project("{9A19103F-16F7-4668-BE54-9A1E7A4F7556}") = "Domain", "src\Domain\Domain.csproj", "{C7E89A3E-A631-4760-8D61-BD1EAB1C4E69}"
EndProject
Project("{9A19103F-16F7-4668-BE54-9A1E7A4F7556}") = "Application", "src\Application\Application.csproj", "{34C0FACD-F3D9-400C-8945-554DD6B0819A}"
EndProject
Project("{9A19103F-16F7-4668-BE54-9A1E7A4F7556}") = "Infrastructure", "src\Infrastructure\Infrastructure.csproj", "{117DA02F-5274-4565-ACC6-DA9B6E568B09}"
EndProject
Project("{2150E333-8FDC-42A3-9474-1A3956D46DE8}") = "src", "src", "{6ED356A7-8B47-4613-AD01-C85CF28491BD}"
EndProject
Project("{2150E333-8FDC-42A3-9474-1A3956D46DE8}") = "tests", "tests", "{664D406C-2F83-48F0-BFC3-408D5CB53C65}"
EndProject
Project("{2150E333-8FDC-42A3-9474-1A3956D46DE8}") = "Solution Items", "Solution Items", "{9CBE666F-A581-4AE9-BBC7-970DE794862D}"
	ProjectSection(SolutionItems) = preProject
		.editorconfig = .editorconfig
		.gitattributes = .gitattributes
		.gitignore = .gitignore
		todo.md = todo.md
	EndProjectSection
EndProject
Project("{9A19103F-16F7-4668-BE54-9A1E7A4F7556}") = "Infrastructure.IntegrationTests", "tests\Infrastructure.IntegrationTests\Infrastructure.IntegrationTests.csproj", "{E13DA154-B179-4B50-BAF8-F60F50C58ABA}"
EndProject
Project("{9A19103F-16F7-4668-BE54-9A1E7A4F7556}") = "Application.UnitTests", "tests\Application.UnitTests\Application.UnitTests.csproj", "{C0A1238B-0A30-401D-B2EB-C05A5FEE9C65}"
EndProject
Project("{9A19103F-16F7-4668-BE54-9A1E7A4F7556}") = "Domain.UnitTests", "tests\Domain.UnitTests\Domain.UnitTests.csproj", "{703BF087-2F54-4EBF-BE05-F9A88DF833CE}"
EndProject
Project("{9A19103F-16F7-4668-BE54-9A1E7A4F7556}") = "WebApp", "src\WebApp\WebApp.csproj", "{8AAEAF2A-D604-4D1C-80FA-976579962BF7}"
EndProject
Project("{9A19103F-16F7-4668-BE54-9A1E7A4F7556}") = "WebApp.UnitTests", "tests\WebApp.UnitTests\WebApp.UnitTests.csproj", "{0A2C4E26-DA24-4500-B0CE-2680417A16E9}"
EndProject
Global
	GlobalSection(SolutionConfigurationPlatforms) = preSolution
		Debug|Any CPU = Debug|Any CPU
		Release|Any CPU = Release|Any CPU
	EndGlobalSection
	GlobalSection(ProjectConfigurationPlatforms) = postSolution
		{C7E89A3E-A631-4760-8D61-BD1EAB1C4E69}.Debug|Any CPU.ActiveCfg = Debug|Any CPU
		{C7E89A3E-A631-4760-8D61-BD1EAB1C4E69}.Debug|Any CPU.Build.0 = Debug|Any CPU
		{C7E89A3E-A631-4760-8D61-BD1EAB1C4E69}.Release|Any CPU.ActiveCfg = Release|Any CPU
		{C7E89A3E-A631-4760-8D61-BD1EAB1C4E69}.Release|Any CPU.Build.0 = Release|Any CPU
		{34C0FACD-F3D9-400C-8945-554DD6B0819A}.Debug|Any CPU.ActiveCfg = Debug|Any CPU
		{34C0FACD-F3D9-400C-8945-554DD6B0819A}.Debug|Any CPU.Build.0 = Debug|Any CPU
		{34C0FACD-F3D9-400C-8945-554DD6B0819A}.Release|Any CPU.ActiveCfg = Release|Any CPU
		{34C0FACD-F3D9-400C-8945-554DD6B0819A}.Release|Any CPU.Build.0 = Release|Any CPU
		{117DA02F-5274-4565-ACC6-DA9B6E568B09}.Debug|Any CPU.ActiveCfg = Debug|Any CPU
		{117DA02F-5274-4565-ACC6-DA9B6E568B09}.Debug|Any CPU.Build.0 = Debug|Any CPU
		{117DA02F-5274-4565-ACC6-DA9B6E568B09}.Release|Any CPU.ActiveCfg = Release|Any CPU
		{117DA02F-5274-4565-ACC6-DA9B6E568B09}.Release|Any CPU.Build.0 = Release|Any CPU
		{E13DA154-B179-4B50-BAF8-F60F50C58ABA}.Debug|Any CPU.ActiveCfg = Debug|Any CPU
		{E13DA154-B179-4B50-BAF8-F60F50C58ABA}.Debug|Any CPU.Build.0 = Debug|Any CPU
		{E13DA154-B179-4B50-BAF8-F60F50C58ABA}.Release|Any CPU.ActiveCfg = Release|Any CPU
		{E13DA154-B179-4B50-BAF8-F60F50C58ABA}.Release|Any CPU.Build.0 = Release|Any CPU
		{C0A1238B-0A30-401D-B2EB-C05A5FEE9C65}.Debug|Any CPU.ActiveCfg = Debug|Any CPU
		{C0A1238B-0A30-401D-B2EB-C05A5FEE9C65}.Debug|Any CPU.Build.0 = Debug|Any CPU
		{C0A1238B-0A30-401D-B2EB-C05A5FEE9C65}.Release|Any CPU.ActiveCfg = Release|Any CPU
		{C0A1238B-0A30-401D-B2EB-C05A5FEE9C65}.Release|Any CPU.Build.0 = Release|Any CPU
		{703BF087-2F54-4EBF-BE05-F9A88DF833CE}.Debug|Any CPU.ActiveCfg = Debug|Any CPU
		{703BF087-2F54-4EBF-BE05-F9A88DF833CE}.Debug|Any CPU.Build.0 = Debug|Any CPU
		{703BF087-2F54-4EBF-BE05-F9A88DF833CE}.Release|Any CPU.ActiveCfg = Release|Any CPU
		{703BF087-2F54-4EBF-BE05-F9A88DF833CE}.Release|Any CPU.Build.0 = Release|Any CPU
		{8AAEAF2A-D604-4D1C-80FA-976579962BF7}.Debug|Any CPU.ActiveCfg = Debug|Any CPU
		{8AAEAF2A-D604-4D1C-80FA-976579962BF7}.Debug|Any CPU.Build.0 = Debug|Any CPU
		{8AAEAF2A-D604-4D1C-80FA-976579962BF7}.Release|Any CPU.ActiveCfg = Release|Any CPU
		{8AAEAF2A-D604-4D1C-80FA-976579962BF7}.Release|Any CPU.Build.0 = Release|Any CPU
		{0A2C4E26-DA24-4500-B0CE-2680417A16E9}.Debug|Any CPU.ActiveCfg = Debug|Any CPU
		{0A2C4E26-DA24-4500-B0CE-2680417A16E9}.Debug|Any CPU.Build.0 = Debug|Any CPU
		{0A2C4E26-DA24-4500-B0CE-2680417A16E9}.Release|Any CPU.ActiveCfg = Release|Any CPU
		{0A2C4E26-DA24-4500-B0CE-2680417A16E9}.Release|Any CPU.Build.0 = Release|Any CPU
	EndGlobalSection
	GlobalSection(SolutionProperties) = preSolution
		HideSolutionNode = FALSE
	EndGlobalSection
	GlobalSection(NestedProjects) = preSolution
		{C7E89A3E-A631-4760-8D61-BD1EAB1C4E69} = {6ED356A7-8B47-4613-AD01-C85CF28491BD}
		{34C0FACD-F3D9-400C-8945-554DD6B0819A} = {6ED356A7-8B47-4613-AD01-C85CF28491BD}
		{117DA02F-5274-4565-ACC6-DA9B6E568B09} = {6ED356A7-8B47-4613-AD01-C85CF28491BD}
		{E13DA154-B179-4B50-BAF8-F60F50C58ABA} = {664D406C-2F83-48F0-BFC3-408D5CB53C65}
		{C0A1238B-0A30-401D-B2EB-C05A5FEE9C65} = {664D406C-2F83-48F0-BFC3-408D5CB53C65}
		{703BF087-2F54-4EBF-BE05-F9A88DF833CE} = {664D406C-2F83-48F0-BFC3-408D5CB53C65}
		{8AAEAF2A-D604-4D1C-80FA-976579962BF7} = {6ED356A7-8B47-4613-AD01-C85CF28491BD}
		{0A2C4E26-DA24-4500-B0CE-2680417A16E9} = {664D406C-2F83-48F0-BFC3-408D5CB53C65}
	EndGlobalSection
	GlobalSection(ExtensibilityGlobals) = postSolution
		SolutionGuid = {3CB609D9-5D54-4C11-A371-DAAC8B74E430}
	EndGlobalSection
EndGlobal
